
Microsoft Visual Studio Solution File, Format Version 12.00
# Visual Studio Version 17
VisualStudioVersion = 17.13.35919.96 d17.13
MinimumVisualStudioVersion = 10.0.40219.1
Project("{FAE04EC0-301F-11D3-BF4B-00C04F79EFBC}") = "ASCOM_driver", "ASCOM_driver.csproj", "{1FE43B29-9FEB-42A7-A2E2-4C9BE69EF0D8}"
EndProject
Global
	GlobalSection(SolutionConfigurationPlatforms) = preSolution
		Debug|Any CPU = Debug|Any CPU
		Release|Any CPU = Release|Any CPU
	EndGlobalSection
	GlobalSection(ProjectConfigurationPlatforms) = postSolution
		{1FE43B29-9FEB-42A7-A2E2-4C9BE69EF0D8}.Debug|Any CPU.ActiveCfg = Debug|Any CPU
		{1FE43B29-9FEB-42A7-A2E2-4C9BE69EF0D8}.Debug|Any CPU.Build.0 = Debug|Any CPU
		{1FE43B29-9FEB-42A7-A2E2-4C9BE69EF0D8}.Release|Any CPU.ActiveCfg = Release|Any CPU
		{1FE43B29-9FEB-42A7-A2E2-4C9BE69EF0D8}.Release|Any CPU.Build.0 = Release|Any CPU
	EndGlobalSection
	GlobalSection(SolutionProperties) = preSolution
		HideSolutionNode = FALSE
	EndGlobalSection
	GlobalSection(ExtensibilityGlobals) = postSolution
		SolutionGuid = {DFF5E98A-5637-4593-9C74-B5B75FBD297F}
	EndGlobalSection
EndGlobal
